{
  "originHash" : "230475fc5641ec211d314c34d2e3393aabd0f5dd09fbab9c9fa6220a94d5682a",
  "pins" : [
    {
      "identity" : "onboardingkit",
      "kind" : "remoteSourceControl",
      "location" : "https://github.com/JamesSedlacek/OnboardingKit.git",
      "state" : {
        "revision" : "75afe9d3fca6e3089d6ea065e214d9fa98d34c25",
        "version" : "1.0.0"
      }
    },
    {
      "identity" : "swiftui-toasts",
      "kind" : "remoteSourceControl",
      "location" : "https://github.com/sunghyun-k/swiftui-toasts",
      "state" : {
        "revision" : "2ec47878af20f906c065176e8e080ba33f49eabf",
        "version" : "1.0.1"
      }
    },
    {
      "identity" : "swiftui-window-overlay",
      "kind" : "remoteSourceControl",
      "location" : "https://github.com/sunghyun-k/swiftui-window-overlay.git",
      "state" : {
        "revision" : "46739300713772a62a3bf31d77f8f23ba9cf61f7",
        "version" : "1.0.2"
      }
    },
    {
      "identity" : "symbolpicker",
      "kind" : "remoteSourceControl",
      "location" : "https://github.com/xnth97/SymbolPicker",
      "state" : {
        "revision" : "8bb08c982235b8e601bc500a41e770d7e198759b",
        "version" : "1.6.2"
      }
    }
  ],
  "version" : 3
}
